version: 4
environments:
  default:
    channels:
    - url: https://conda.anaconda.org/conda-forge/
    packages:
      osx-arm64:
      - conda: https://conda.anaconda.org/conda-forge/osx-arm64/bzip2-1.0.8-h93a5062_5.conda
      - conda: https://conda.anaconda.org/conda-forge/osx-arm64/ca-certificates-2024.2.2-hf0a4a13_0.conda
      - conda: https://conda.anaconda.org/conda-forge/osx-arm64/libexpat-2.6.2-hebf3989_0.conda
      - conda: https://conda.anaconda.org/conda-forge/osx-arm64/libffi-3.4.2-h3422bc3_5.tar.bz2
      - conda: https://conda.anaconda.org/conda-forge/osx-arm64/libsqlite-3.45.2-h091b4b1_0.conda
      - conda: https://conda.anaconda.org/conda-forge/osx-arm64/libzlib-1.2.13-h53f4e23_5.conda
      - conda: https://conda.anaconda.org/conda-forge/osx-arm64/ncurses-6.4.20240210-h078ce10_0.conda
      - conda: https://conda.anaconda.org/conda-forge/osx-arm64/openssl-3.2.1-h0d3ecfb_1.conda
      - conda: https://conda.anaconda.org/conda-forge/osx-arm64/python-3.12.2-hdf0ec26_0_cpython.conda
      - conda: https://conda.anaconda.org/conda-forge/osx-arm64/readline-8.2-h92ec313_1.conda
      - conda: https://conda.anaconda.org/conda-forge/osx-arm64/tk-8.6.13-h5083fa2_1.conda
      - conda: https://conda.anaconda.org/conda-forge/noarch/tzdata-2024a-h0c530f3_0.conda
      - conda: https://conda.anaconda.org/conda-forge/osx-arm64/xz-5.2.6-h57fd34a_0.tar.bz2
      - pypi: https://files.pythonhosted.org/packages/e0/44/827b2a91a5816512fcaf3cc4ebc465ccd5d598c45cefa6703fcf4a79018f/attrs-23.2.0-py3-none-any.whl
      - pypi: https://files.pythonhosted.org/packages/29/e9/c5b62bb12c74d00d7bf07bfac9a5589ff4f2a8d2204290259e6a217cb037/boto3-1.34.77-py3-none-any.whl
      - pypi: https://files.pythonhosted.org/packages/96/e0/cff4d2a817bb8fdab645e10ee6eaf66ccdf7ffda2de64b2b05bfbe20fe77/botocore-1.34.77-py3-none-any.whl
      - pypi: https://files.pythonhosted.org/packages/ba/06/a07f096c664aeb9f01624f858c3add0a4e913d6c96257acb4fce61e7de14/certifi-2024.2.2-py3-none-any.whl
      - pypi: https://files.pythonhosted.org/packages/3a/52/9f9d17c3b54dc238de384c4cb5a2ef0e27985b42a0e5cc8e8a31d918d48d/charset_normalizer-3.3.2-cp312-cp312-macosx_11_0_arm64.whl
      - pypi: https://files.pythonhosted.org/packages/00/2e/d53fa4befbf2cfa713304affc7ca780ce4fc1fd8710527771b58311a3229/click-8.1.7-py3-none-any.whl
      - pypi: git+https://github.com/channel-mirrors/conda-oci-mirror.git@25ea3e436f0b0bc5a9c646121efafc9c68e116cd
      - pypi: https://files.pythonhosted.org/packages/11/fb/80acefa4babdd7d318379b06cfa61f3e49535d503dd275ae01e0e00827f8/conda_forge_metadata-0.6.2-py3-none-any.whl
      - pypi: https://files.pythonhosted.org/packages/b3/fd/51b3bcfeedbf2fc93a7ce1a1f79865dc80617058089a3c2bdb010ebc60db/conda_package_handling-2.2.0-py3-none-any.whl
      - pypi: https://files.pythonhosted.org/packages/85/eb/283c643915a4a76f88d4d2f345b5e81a2fb1a5ad18615b24fa019ce480c4/conda_package_streaming-0.9.0-py3-none-any.whl
      - pypi: https://files.pythonhosted.org/packages/c2/e7/a82b05cf63a603df6e68d59ae6a68bf5064484a0718ea5033660af4b54a9/idna-3.6-py3-none-any.whl
      - pypi: https://files.pythonhosted.org/packages/31/b4/b9b800c45527aadd64d5b442f9b932b00648617eb5d63d2c7a6587b7cafc/jmespath-1.0.1-py3-none-any.whl
      - pypi: https://files.pythonhosted.org/packages/39/9d/b035d024c62c85f2e2d4806a59ca7b8520307f34e0932fbc8cc75fe7b2d9/jsonschema-4.21.1-py3-none-any.whl
      - pypi: https://files.pythonhosted.org/packages/ee/07/44bd408781594c4d0a027666ef27fab1e441b109dc3b76b4f836f8fd04fe/jsonschema_specifications-2023.12.1-py3-none-any.whl
      - pypi: https://files.pythonhosted.org/packages/10/a9/121aa64e09dd869422a65158a9df596d0750460baac11085bca3d1444795/oras-0.1.14-py3-none-any.whl
      - pypi: https://files.pythonhosted.org/packages/49/df/1fceb2f8900f8639e278b056416d49134fb8d84c5942ffaa01ad34782422/packaging-24.0-py3-none-any.whl
      - pypi: https://files.pythonhosted.org/packages/ec/57/56b9bcc3c9c6a792fcbaf139543cee77261f3651ca9da0c93f5c1221264b/python_dateutil-2.9.0.post0-py2.py3-none-any.whl
      - pypi: https://files.pythonhosted.org/packages/6a/3e/b68c118422ec867fa7ab88444e1274aa40681c606d59ac27de5a5588f082/python_dotenv-1.0.1-py3-none-any.whl
      - pypi: https://files.pythonhosted.org/packages/42/8e/ae1de7b12223986e949bdb886c004de7c304b6fa94de5b87c926c1099656/referencing-0.34.0-py3-none-any.whl
      - pypi: https://files.pythonhosted.org/packages/70/8e/0e2d847013cb52cd35b38c009bb167a1a26b2ce6cd6965bf26b47bc0bf44/requests-2.31.0-py3-none-any.whl
      - pypi: https://files.pythonhosted.org/packages/7a/58/9bfc53b266df92f0515e72fd16e4890dc6b56fc3bfc216b3a2a729c866b5/rpds_py-0.18.0-cp312-cp312-macosx_11_0_arm64.whl
      - pypi: https://files.pythonhosted.org/packages/73/67/8ece580cc363331d9a53055130f86b096bf16e38156e33b1d3014fffda6b/ruamel.yaml-0.18.6-py3-none-any.whl
      - pypi: https://files.pythonhosted.org/packages/7a/a2/eb5e9d088cb9d15c24d956944c09dca0a89108ad6e2e913c099ef36e3f0d/ruamel.yaml.clib-0.2.8-cp312-cp312-macosx_10_9_universal2.whl
      - pypi: https://files.pythonhosted.org/packages/83/37/395cdb6ee92925fa211e55d8f07b9f93cf93f60d7d4ce5e66fd73f1ea986/s3transfer-0.10.1-py3-none-any.whl
      - pypi: https://files.pythonhosted.org/packages/d9/5a/e7c31adbe875f2abbb91bd84cf2dc52d792b5a01506781dbcf25c91daf11/six-1.16.0-py2.py3-none-any.whl
      - pypi: https://files.pythonhosted.org/packages/f9/de/dc04a3ea60b22624b51c703a84bbe0184abcd1d0b9bc8074b5d6b7ab90bb/typing_extensions-4.10.0-py3-none-any.whl
      - pypi: https://files.pythonhosted.org/packages/a2/73/a68704750a7679d0b6d3ad7aa8d4da8e14e151ae82e6fee774e6e0d05ec8/urllib3-2.2.1-py3-none-any.whl
      - pypi: https://files.pythonhosted.org/packages/7d/80/9e40e57ba17dbbf6c55bcf0ac4ee533c367285209f309bdd9ab290c40536/zstandard-0.22.0-cp312-cp312-macosx_11_0_arm64.whl
      - pypi: .
packages:
- kind: pypi
  name: attrs
  version: 23.2.0
  url: https://files.pythonhosted.org/packages/e0/44/827b2a91a5816512fcaf3cc4ebc465ccd5d598c45cefa6703fcf4a79018f/attrs-23.2.0-py3-none-any.whl
  sha256: 99b87a485a5820b23b879f04c2305b44b951b502fd64be915879d77a7e8fc6f1
  requires_dist:
  - importlib-metadata ; python_version < '3.8'
  - attrs[tests] ; extra == 'cov'
  - coverage[toml] >=5.3 ; extra == 'cov'
  - attrs[tests] ; extra == 'dev'
  - pre-commit ; extra == 'dev'
  - furo ; extra == 'docs'
  - myst-parser ; extra == 'docs'
  - sphinx ; extra == 'docs'
  - sphinx-notfound-page ; extra == 'docs'
  - sphinxcontrib-towncrier ; extra == 'docs'
  - towncrier ; extra == 'docs'
  - zope-interface ; extra == 'docs'
  - attrs[tests-no-zope] ; extra == 'tests'
  - zope-interface ; extra == 'tests'
  - mypy >=1.6 ; (platform_python_implementation == 'CPython' and python_version >= '3.8') and extra == 'tests-mypy'
  - pytest-mypy-plugins ; (platform_python_implementation == 'CPython' and python_version >= '3.8') and extra == 'tests-mypy'
  - attrs[tests-mypy] ; extra == 'tests-no-zope'
  - cloudpickle ; platform_python_implementation == 'CPython' and extra == 'tests-no-zope'
  - hypothesis ; extra == 'tests-no-zope'
  - pympler ; extra == 'tests-no-zope'
  - pytest-xdist[psutil] ; extra == 'tests-no-zope'
  - pytest >=4.3.0 ; extra == 'tests-no-zope'
  requires_python: '>=3.7'
- kind: pypi
  name: boto3
  version: 1.34.77
  url: https://files.pythonhosted.org/packages/29/e9/c5b62bb12c74d00d7bf07bfac9a5589ff4f2a8d2204290259e6a217cb037/boto3-1.34.77-py3-none-any.whl
  sha256: 7abd327980258ec2ae980d2ff7fc32ede7448146b14d34c56bf0be074e2a149b
  requires_dist:
  - botocore <1.35.0, >=1.34.77
  - jmespath <2.0.0, >=0.7.1
  - s3transfer <0.11.0, >=0.10.0
  - botocore[crt] <2.0a0, >=1.21.0 ; extra == 'crt'
  requires_python: '>=3.8'
- kind: pypi
  name: botocore
  version: 1.34.77
  url: https://files.pythonhosted.org/packages/96/e0/cff4d2a817bb8fdab645e10ee6eaf66ccdf7ffda2de64b2b05bfbe20fe77/botocore-1.34.77-py3-none-any.whl
  sha256: 6d6a402032ca0b89525212356a865397f8f2839683dd53d41b8cee1aa84b2b4b
  requires_dist:
  - jmespath <2.0.0, >=0.7.1
  - python-dateutil <3.0.0, >=2.1
  - urllib3 <1.27, >=1.25.4 ; python_version < '3.10'
  - urllib3 !=2.2.0, <3, >=1.25.4 ; python_version >= '3.10'
  - awscrt ==0.19.19 ; extra == 'crt'
  requires_python: '>=3.8'
- kind: conda
  name: bzip2
  version: 1.0.8
  build: h93a5062_5
  build_number: 5
  subdir: osx-arm64
  url: https://conda.anaconda.org/conda-forge/osx-arm64/bzip2-1.0.8-h93a5062_5.conda
  sha256: bfa84296a638bea78a8bb29abc493ee95f2a0218775642474a840411b950fe5f
  md5: 1bbc659ca658bfd49a481b5ef7a0f40f
  license: bzip2-1.0.6
  license_family: BSD
  size: 122325
  timestamp: 1699280294368
- kind: conda
  name: ca-certificates
  version: 2024.2.2
  build: hf0a4a13_0
  subdir: osx-arm64
  url: https://conda.anaconda.org/conda-forge/osx-arm64/ca-certificates-2024.2.2-hf0a4a13_0.conda
  sha256: 49bc3439816ac72d0c0e0f144b8cc870fdcc4adec2e861407ec818d8116b2204
  md5: fb416a1795f18dcc5a038bc2dc54edf9
  license: ISC
  size: 155725
  timestamp: 1706844034242
- kind: pypi
  name: certifi
  version: 2024.2.2
  url: https://files.pythonhosted.org/packages/ba/06/a07f096c664aeb9f01624f858c3add0a4e913d6c96257acb4fce61e7de14/certifi-2024.2.2-py3-none-any.whl
  sha256: dc383c07b76109f368f6106eee2b593b04a011ea4d55f652c6ca24a754d1cdd1
  requires_python: '>=3.6'
- kind: pypi
  name: charset-normalizer
  version: 3.3.2
  url: https://files.pythonhosted.org/packages/3a/52/9f9d17c3b54dc238de384c4cb5a2ef0e27985b42a0e5cc8e8a31d918d48d/charset_normalizer-3.3.2-cp312-cp312-macosx_11_0_arm64.whl
  sha256: 55086ee1064215781fff39a1af09518bc9255b50d6333f2e4c74ca09fac6a8f6
  requires_python: '>=3.7.0'
- kind: pypi
  name: click
  version: 8.1.7
  url: https://files.pythonhosted.org/packages/00/2e/d53fa4befbf2cfa713304affc7ca780ce4fc1fd8710527771b58311a3229/click-8.1.7-py3-none-any.whl
  sha256: ae74fb96c20a0277a1d615f1e4d73c8414f5a98db8b799a7931d1582f3390c28
  requires_dist:
  - colorama ; platform_system == 'Windows'
  - importlib-metadata ; python_version < '3.8'
  requires_python: '>=3.7'
- kind: pypi
  name: conda-forge-metadata
  version: 0.6.2
  url: https://files.pythonhosted.org/packages/11/fb/80acefa4babdd7d318379b06cfa61f3e49535d503dd275ae01e0e00827f8/conda_forge_metadata-0.6.2-py3-none-any.whl
  sha256: 2c9aadd0abc4e59b3706b1c11bbb217ebf0b441c38ec6897f339526018497bc9
  requires_dist:
  - requests
  - ruamel-yaml
  - typing-extensions
  - conda-oci-mirror ; extra == 'oci'
- kind: pypi
  name: conda-oci-mirror
  version: 0.1.0
  url: git+https://github.com/channel-mirrors/conda-oci-mirror.git@25ea3e436f0b0bc5a9c646121efafc9c68e116cd
  requires_dist:
  - click
  - requests
  - oras ==0.1.14
  - conda-package-handling
  requires_python: '>=3.7'
- kind: pypi
  name: conda-package-handling
  version: 2.2.0
  url: https://files.pythonhosted.org/packages/b3/fd/51b3bcfeedbf2fc93a7ce1a1f79865dc80617058089a3c2bdb010ebc60db/conda_package_handling-2.2.0-py3-none-any.whl
  sha256: ccbb68e69b38f141e9a21df29a256bb069277efa9c82bf399bef801daf19c866
  requires_dist:
  - conda-package-streaming >=0.9.0
  - furo ; extra == 'docs'
  - sphinx ; extra == 'docs'
  - sphinx-argparse ; extra == 'docs'
  - myst-parser ; extra == 'docs'
  - mdit-py-plugins >=0.3.0 ; extra == 'docs'
  - mock ; extra == 'test'
  - pytest ; extra == 'test'
  - pytest-cov ; extra == 'test'
  - pytest-mock ; extra == 'test'
  requires_python: '>=3.7'
- kind: pypi
  name: conda-package-streaming
  version: 0.9.0
  url: https://files.pythonhosted.org/packages/85/eb/283c643915a4a76f88d4d2f345b5e81a2fb1a5ad18615b24fa019ce480c4/conda_package_streaming-0.9.0-py3-none-any.whl
  sha256: 4dbd6fc3df041dc414cc5cf722e333e6b6788bf7c0b17d04897a5ec35e3fb2ab
  requires_dist:
  - requests
  - zstandard >=0.15
  - furo ; extra == 'docs'
  - sphinx ; extra == 'docs'
  - myst-parser ; extra == 'docs'
  - mdit-py-plugins >=0.3.0 ; extra == 'docs'
  - pytest >=7 ; extra == 'test'
  - pytest-cov ; extra == 'test'
  - pytest-mock ; extra == 'test'
  - boto3 ; extra == 'test'
  - boto3-stubs[essential] ; extra == 'test'
  - bottle ; extra == 'test'
  - conda ; extra == 'test'
  - conda-package-handling >=2 ; extra == 'test'
  requires_python: '>=3.7'
- kind: pypi
  name: idna
  version: '3.6'
  url: https://files.pythonhosted.org/packages/c2/e7/a82b05cf63a603df6e68d59ae6a68bf5064484a0718ea5033660af4b54a9/idna-3.6-py3-none-any.whl
  sha256: c05567e9c24a6b9faaa835c4821bad0590fbb9d5779e7caa6e1cc4978e7eb24f
  requires_python: '>=3.5'
- kind: pypi
  name: jmespath
  version: 1.0.1
  url: https://files.pythonhosted.org/packages/31/b4/b9b800c45527aadd64d5b442f9b932b00648617eb5d63d2c7a6587b7cafc/jmespath-1.0.1-py3-none-any.whl
  sha256: 02e2e4cc71b5bcab88332eebf907519190dd9e6e82107fa7f83b1003a6252980
  requires_python: '>=3.7'
- kind: pypi
  name: jsonschema
  version: 4.21.1
  url: https://files.pythonhosted.org/packages/39/9d/b035d024c62c85f2e2d4806a59ca7b8520307f34e0932fbc8cc75fe7b2d9/jsonschema-4.21.1-py3-none-any.whl
  sha256: 7996507afae316306f9e2290407761157c6f78002dcf7419acb99822143d1c6f
  requires_dist:
  - attrs >=22.2.0
  - importlib-resources >=1.4.0 ; python_version < '3.9'
  - jsonschema-specifications >=2023.3.6
  - pkgutil-resolve-name >=1.3.10 ; python_version < '3.9'
  - referencing >=0.28.4
  - rpds-py >=0.7.1
  - fqdn ; extra == 'format'
  - idna ; extra == 'format'
  - isoduration ; extra == 'format'
  - jsonpointer >1.13 ; extra == 'format'
  - rfc3339-validator ; extra == 'format'
  - rfc3987 ; extra == 'format'
  - uri-template ; extra == 'format'
  - webcolors >=1.11 ; extra == 'format'
  - fqdn ; extra == 'format-nongpl'
  - idna ; extra == 'format-nongpl'
  - isoduration ; extra == 'format-nongpl'
  - jsonpointer >1.13 ; extra == 'format-nongpl'
  - rfc3339-validator ; extra == 'format-nongpl'
  - rfc3986-validator >0.1.0 ; extra == 'format-nongpl'
  - uri-template ; extra == 'format-nongpl'
  - webcolors >=1.11 ; extra == 'format-nongpl'
  requires_python: '>=3.8'
- kind: pypi
  name: jsonschema-specifications
  version: 2023.12.1
  url: https://files.pythonhosted.org/packages/ee/07/44bd408781594c4d0a027666ef27fab1e441b109dc3b76b4f836f8fd04fe/jsonschema_specifications-2023.12.1-py3-none-any.whl
  sha256: 87e4fdf3a94858b8a2ba2778d9ba57d8a9cafca7c7489c46ba0d30a8bc6a9c3c
  requires_dist:
  - importlib-resources >=1.4.0 ; python_version < '3.9'
  - referencing >=0.31.0
  requires_python: '>=3.8'
- kind: conda
  name: libexpat
  version: 2.6.2
  build: hebf3989_0
  subdir: osx-arm64
  url: https://conda.anaconda.org/conda-forge/osx-arm64/libexpat-2.6.2-hebf3989_0.conda
  sha256: ba7173ac30064ea901a4c9fb5a51846dcc25512ceb565759be7d18cbf3e5415e
  md5: e3cde7cfa87f82f7cb13d482d5e0ad09
  constrains:
  - expat 2.6.2.*
  license: MIT
  license_family: MIT
  size: 63655
  timestamp: 1710362424980
- kind: conda
  name: libffi
  version: 3.4.2
  build: h3422bc3_5
  build_number: 5
  subdir: osx-arm64
  url: https://conda.anaconda.org/conda-forge/osx-arm64/libffi-3.4.2-h3422bc3_5.tar.bz2
  sha256: 41b3d13efb775e340e4dba549ab5c029611ea6918703096b2eaa9c015c0750ca
  md5: 086914b672be056eb70fd4285b6783b6
  license: MIT
  license_family: MIT
  size: 39020
  timestamp: 1636488587153
- kind: conda
  name: libsqlite
  version: 3.45.2
  build: h091b4b1_0
  subdir: osx-arm64
  url: https://conda.anaconda.org/conda-forge/osx-arm64/libsqlite-3.45.2-h091b4b1_0.conda
  sha256: 7c234320a1a2132b9cc972aaa06bb215bb220a5b1addb0bed7a5a321c805920e
  md5: 9d07427ee5bd9afd1e11ce14368a48d6
  depends:
  - libzlib >=1.2.13,<1.3.0a0
  license: Unlicense
  size: 825300
  timestamp: 1710255078823
- kind: conda
  name: libzlib
  version: 1.2.13
  build: h53f4e23_5
  build_number: 5
  subdir: osx-arm64
  url: https://conda.anaconda.org/conda-forge/osx-arm64/libzlib-1.2.13-h53f4e23_5.conda
  sha256: ab1c8aefa2d54322a63aaeeefe9cf877411851738616c4068e0dccc66b9c758a
  md5: 1a47f5236db2e06a320ffa0392f81bd8
  constrains:
  - zlib 1.2.13 *_5
  license: Zlib
  license_family: Other
  size: 48102
  timestamp: 1686575426584
- kind: conda
  name: ncurses
  version: 6.4.20240210
  build: h078ce10_0
  subdir: osx-arm64
  url: https://conda.anaconda.org/conda-forge/osx-arm64/ncurses-6.4.20240210-h078ce10_0.conda
  sha256: 06f0905791575e2cd3aa961493c56e490b3d82ad9eb49f1c332bd338b0216911
  md5: 616ae8691e6608527d0071e6766dcb81
  license: X11 AND BSD-3-Clause
  size: 820249
  timestamp: 1710866874348
- kind: conda
  name: openssl
  version: 3.2.1
  build: h0d3ecfb_1
  build_number: 1
  subdir: osx-arm64
  url: https://conda.anaconda.org/conda-forge/osx-arm64/openssl-3.2.1-h0d3ecfb_1.conda
  sha256: 519dc941d7ab0ebf31a2878d85c2f444450e7c5f6f41c4d07252c6bb3417b78b
  md5: eb580fb888d93d5d550c557323ac5cee
  depends:
  - ca-certificates
  constrains:
  - pyopenssl >=22.1
  license: Apache-2.0
  license_family: Apache
  size: 2855250
  timestamp: 1710793435903
- kind: pypi
  name: oras
  version: 0.1.14
  url: https://files.pythonhosted.org/packages/10/a9/121aa64e09dd869422a65158a9df596d0750460baac11085bca3d1444795/oras-0.1.14-py3-none-any.whl
  sha256: a3cf01cd279d507fb7fd2df7723a3fa1633955099fb3d412abe76cbe2ee10743
  requires_dist:
  - jsonschema
  - requests
  - jsonschema ; extra == 'all'
  - requests ; extra == 'all'
  - pytest >=4.6.2 ; extra == 'all'
  - mypy ; extra == 'all'
  - pyflakes ; extra == 'all'
  - black ; extra == 'all'
  - types-requests ; extra == 'all'
  - isort ; extra == 'all'
  - docker ==5.0.1 ; extra == 'all'
  - docker ==5.0.1 ; extra == 'docker'
  - pytest >=4.6.2 ; extra == 'tests'
  - mypy ; extra == 'tests'
  - pyflakes ; extra == 'tests'
  - black ; extra == 'tests'
  - types-requests ; extra == 'tests'
  - isort ; extra == 'tests'
- kind: pypi
  name: packaging
  version: '24.0'
  url: https://files.pythonhosted.org/packages/49/df/1fceb2f8900f8639e278b056416d49134fb8d84c5942ffaa01ad34782422/packaging-24.0-py3-none-any.whl
  sha256: 2ddfb553fdf02fb784c234c7ba6ccc288296ceabec964ad2eae3777778130bc5
  requires_python: '>=3.7'
- kind: pypi
  name: parselmouth
  version: 0.0.1
  path: .
  sha256: 783a45b8b3d0d5f1201d0da2bd8a85700889524bcb211969604a1a1b4b4342b4
  requires_dist:
  - conda-oci-mirror @ git+https://github.com/channel-mirrors/conda-oci-mirror.git@25ea3e436f0b0bc5a9c646121efafc9c68e116cd
  - requests ~=2.31.0
  - conda-forge-metadata ~=0.6.2
  - boto3 ~=1.34.51
  - python-dotenv ~=1.0.1
  - packaging
  requires_python: '>=3.9'
  editable: true
- kind: conda
  name: python
  version: 3.12.2
  build: hdf0ec26_0_cpython
  subdir: osx-arm64
  url: https://conda.anaconda.org/conda-forge/osx-arm64/python-3.12.2-hdf0ec26_0_cpython.conda
  sha256: ccd6c55a286d51d907c878ed2bfa7d1becce0fee71374a9386c5eb90d803ac72
  md5: 85e91138ae921a2771f57a50120272bd
  depends:
  - bzip2 >=1.0.8,<2.0a0
  - libexpat >=2.5.0,<3.0a0
  - libffi >=3.4,<4.0a0
  - libsqlite >=3.45.1,<4.0a0
  - libzlib >=1.2.13,<1.3.0a0
  - ncurses >=6.4,<7.0a0
  - openssl >=3.2.1,<4.0a0
  - readline >=8.2,<9.0a0
  - tk >=8.6.13,<8.7.0a0
  - tzdata
  - xz >=5.2.6,<6.0a0
  constrains:
  - python_abi 3.12.* *_cp312
  license: Python-2.0
  size: 13085901
  timestamp: 1708117361381
- kind: pypi
  name: python-dateutil
  version: 2.9.0.post0
  url: https://files.pythonhosted.org/packages/ec/57/56b9bcc3c9c6a792fcbaf139543cee77261f3651ca9da0c93f5c1221264b/python_dateutil-2.9.0.post0-py2.py3-none-any.whl
  sha256: a8b2bc7bffae282281c8140a97d3aa9c14da0b136dfe83f850eea9a5f7470427
  requires_dist:
  - six >=1.5
  requires_python: '!=3.0.*,!=3.1.*,!=3.2.*,>=2.7'
- kind: pypi
  name: python-dotenv
  version: 1.0.1
  url: https://files.pythonhosted.org/packages/6a/3e/b68c118422ec867fa7ab88444e1274aa40681c606d59ac27de5a5588f082/python_dotenv-1.0.1-py3-none-any.whl
  sha256: f7b63ef50f1b690dddf550d03497b66d609393b40b564ed0d674909a68ebf16a
  requires_dist:
  - click >=5.0 ; extra == 'cli'
  requires_python: '>=3.8'
- kind: conda
  name: readline
  version: '8.2'
  build: h92ec313_1
  build_number: 1
  subdir: osx-arm64
  url: https://conda.anaconda.org/conda-forge/osx-arm64/readline-8.2-h92ec313_1.conda
  sha256: a1dfa679ac3f6007362386576a704ad2d0d7a02e98f5d0b115f207a2da63e884
  md5: 8cbb776a2f641b943d413b3e19df71f4
  depends:
  - ncurses >=6.3,<7.0a0
  license: GPL-3.0-only
  license_family: GPL
  size: 250351
  timestamp: 1679532511311
- kind: pypi
  name: referencing
  version: 0.34.0
  url: https://files.pythonhosted.org/packages/42/8e/ae1de7b12223986e949bdb886c004de7c304b6fa94de5b87c926c1099656/referencing-0.34.0-py3-none-any.whl
  sha256: d53ae300ceddd3169f1ffa9caf2cb7b769e92657e4fafb23d34b93679116dfd4
  requires_dist:
  - attrs >=22.2.0
  - rpds-py >=0.7.0
  requires_python: '>=3.8'
- kind: pypi
  name: requests
  version: 2.31.0
  url: https://files.pythonhosted.org/packages/70/8e/0e2d847013cb52cd35b38c009bb167a1a26b2ce6cd6965bf26b47bc0bf44/requests-2.31.0-py3-none-any.whl
  sha256: 58cd2187c01e70e6e26505bca751777aa9f2ee0b7f4300988b709f44e013003f
  requires_dist:
  - charset-normalizer <4, >=2
  - idna <4, >=2.5
  - urllib3 <3, >=1.21.1
  - certifi >=2017.4.17
  - pysocks !=1.5.7, >=1.5.6 ; extra == 'socks'
  - chardet <6, >=3.0.2 ; extra == 'use_chardet_on_py3'
  requires_python: '>=3.7'
- kind: pypi
  name: rpds-py
  version: 0.18.0
  url: https://files.pythonhosted.org/packages/7a/58/9bfc53b266df92f0515e72fd16e4890dc6b56fc3bfc216b3a2a729c866b5/rpds_py-0.18.0-cp312-cp312-macosx_11_0_arm64.whl
  sha256: 1d9a5be316c15ffb2b3c405c4ff14448c36b4435be062a7f578ccd8b01f0c4d8
  requires_python: '>=3.8'
- kind: pypi
  name: ruamel-yaml
  version: 0.18.6
  url: https://files.pythonhosted.org/packages/73/67/8ece580cc363331d9a53055130f86b096bf16e38156e33b1d3014fffda6b/ruamel.yaml-0.18.6-py3-none-any.whl
  sha256: 57b53ba33def16c4f3d807c0ccbc00f8a6081827e81ba2491691b76882d0c636
  requires_dist:
  - ruamel-yaml-clib >=0.2.7 ; platform_python_implementation == 'CPython' and python_version < '3.13'
  - ryd ; extra == 'docs'
  - mercurial >5.7 ; extra == 'docs'
  - ruamel-yaml-jinja2 >=0.2 ; extra == 'jinja2'
  requires_python: '>=3.7'
- kind: pypi
  name: ruamel-yaml-clib
  version: 0.2.8
  url: https://files.pythonhosted.org/packages/7a/a2/eb5e9d088cb9d15c24d956944c09dca0a89108ad6e2e913c099ef36e3f0d/ruamel.yaml.clib-0.2.8-cp312-cp312-macosx_10_9_universal2.whl
  sha256: ebc06178e8821efc9692ea7544aa5644217358490145629914d8020042c24aa1
  requires_python: '>=3.6'
- kind: pypi
  name: s3transfer
  version: 0.10.1
  url: https://files.pythonhosted.org/packages/83/37/395cdb6ee92925fa211e55d8f07b9f93cf93f60d7d4ce5e66fd73f1ea986/s3transfer-0.10.1-py3-none-any.whl
  sha256: ceb252b11bcf87080fb7850a224fb6e05c8a776bab8f2b64b7f25b969464839d
  requires_dist:
  - botocore <2.0a0, >=1.33.2
  - botocore[crt] <2.0a0, >=1.33.2 ; extra == 'crt'
  requires_python: '>=3.8'
- kind: pypi
  name: six
  version: 1.16.0
  url: https://files.pythonhosted.org/packages/d9/5a/e7c31adbe875f2abbb91bd84cf2dc52d792b5a01506781dbcf25c91daf11/six-1.16.0-py2.py3-none-any.whl
  sha256: 8abb2f1d86890a2dfb989f9a77cfcfd3e47c2a354b01111771326f8aa26e0254
  requires_python: '>=2.7,!=3.0.*,!=3.1.*,!=3.2.*'
- kind: conda
  name: tk
  version: 8.6.13
  build: h5083fa2_1
  build_number: 1
  subdir: osx-arm64
  url: https://conda.anaconda.org/conda-forge/osx-arm64/tk-8.6.13-h5083fa2_1.conda
  sha256: 72457ad031b4c048e5891f3f6cb27a53cb479db68a52d965f796910e71a403a8
  md5: b50a57ba89c32b62428b71a875291c9b
  depends:
  - libzlib >=1.2.13,<1.3.0a0
  license: TCL
  license_family: BSD
  size: 3145523
  timestamp: 1699202432999
- kind: pypi
  name: typing-extensions
  version: 4.10.0
  url: https://files.pythonhosted.org/packages/f9/de/dc04a3ea60b22624b51c703a84bbe0184abcd1d0b9bc8074b5d6b7ab90bb/typing_extensions-4.10.0-py3-none-any.whl
  sha256: 69b1a937c3a517342112fb4c6df7e72fc39a38e7891a5730ed4985b5214b5475
  requires_python: '>=3.8'
- kind: conda
  name: tzdata
  version: 2024a
  build: h0c530f3_0
  subdir: noarch
  noarch: generic
  url: https://conda.anaconda.org/conda-forge/noarch/tzdata-2024a-h0c530f3_0.conda
  sha256: 7b2b69c54ec62a243eb6fba2391b5e443421608c3ae5dbff938ad33ca8db5122
  md5: 161081fc7cec0bfda0d86d7cb595f8d8
  license: LicenseRef-Public-Domain
  size: 119815
  timestamp: 1706886945727
- kind: pypi
  name: urllib3
  version: 2.2.1
  url: https://files.pythonhosted.org/packages/a2/73/a68704750a7679d0b6d3ad7aa8d4da8e14e151ae82e6fee774e6e0d05ec8/urllib3-2.2.1-py3-none-any.whl
  sha256: 450b20ec296a467077128bff42b73080516e71b56ff59a60a02bef2232c4fa9d
  requires_dist:
  - brotli >=1.0.9 ; platform_python_implementation == 'CPython' and extra == 'brotli'
  - brotlicffi >=0.8.0 ; platform_python_implementation != 'CPython' and extra == 'brotli'
  - h2 <5, >=4 ; extra == 'h2'
  - pysocks !=1.5.7, <2.0, >=1.5.6 ; extra == 'socks'
  - zstandard >=0.18.0 ; extra == 'zstd'
  requires_python: '>=3.8'
- kind: conda
  name: xz
  version: 5.2.6
  build: h57fd34a_0
  subdir: osx-arm64
  url: https://conda.anaconda.org/conda-forge/osx-arm64/xz-5.2.6-h57fd34a_0.tar.bz2
  sha256: 59d78af0c3e071021cfe82dc40134c19dab8cdf804324b62940f5c8cd71803ec
  md5: 39c6b54e94014701dd157f4f576ed211
  license: LGPL-2.1 and GPL-2.0
  size: 235693
  timestamp: 1660346961024
- kind: pypi
  name: zstandard
  version: 0.22.0
  url: https://files.pythonhosted.org/packages/7d/80/9e40e57ba17dbbf6c55bcf0ac4ee533c367285209f309bdd9ab290c40536/zstandard-0.22.0-cp312-cp312-macosx_11_0_arm64.whl
  sha256: f9b2cde1cd1b2a10246dbc143ba49d942d14fb3d2b4bccf4618d475c65464912
  requires_dist:
  - cffi >=1.11 ; platform_python_implementation == 'PyPy'
  - cffi >=1.11 ; extra == 'cffi'
  requires_python: '>=3.8'
